<<<<<<< HEAD
<<<<<<< HEAD
<<<<<<< HEAD
Thu, 07 Aug 2014 04:24:42 +0000
=======
<<<<<<< HEAD
Wed, 06 Aug 2014 15:16:39 +0000
=======
Thu, 07 Aug 2014 03:08:46 +0000
>>>>>>> 9de591a3af4a77bcdf3dbd89fb402e0e64203008
>>>>>>> 518d1f64ab93839e61063da378a986e208673225
=======
=======
Thu, 07 Aug 2014 14:43:36 +0000
=======
<<<<<<< HEAD
Fri, 08 Aug 2014 04:27:33 +0000
=======
<<<<<<< HEAD
>>>>>>> bb8bd6d26ddc2fa57a492d6c74810781d2d4fc58
Thu, 07 Aug 2014 07:36:41 +0000
=======
Thu, 07 Aug 2014 10:10:47 +0000
>>>>>>> ce46b4995986855ecb3563b23e97109f1f1e5d02
>>>>>>> 880f27d4ff2eab4ccfb83b981216c2ec12edcb6b
<<<<<<< HEAD
=======
>>>>>>> c53097c1adcbc82cfcedd0e4a17f6717f3cc8b5e
>>>>>>> bb8bd6d26ddc2fa57a492d6c74810781d2d4fc58
