<<<<<<< HEAD
Tue, 05 Aug 2014 11:22:38 +0000
=======
<<<<<<< HEAD
Wed, 06 Aug 2014 07:31:26 +0000
=======
<<<<<<< HEAD
Tue, 05 Aug 2014 10:48:48 +0000
=======
Wed, 06 Aug 2014 03:28:41 +0000
>>>>>>> 8d6d460f70132c3c6e92d4e5ba1adc562e0d8852
>>>>>>> a52784683d8325f2d6131636602fab9e85e6f0ff
>>>>>>> 6de62223b82b57571933e9cfdebc77091442af11
